
Microsoft Visual Studio Solution File, Format Version 12.00
# Visual Studio Version 17
VisualStudioVersion = 17.1.31911.260
MinimumVisualStudioVersion = 10.0.40219.1
Project("{FAE04EC0-301F-11D3-BF4B-00C04F79EFBC}") = "MinimalApiDemo", "MinimalApiDemo\MinimalApiDemo.csproj", "{34B1C769-0D03-4B46-875C-09DEC4A60692}"
EndProject
Project("{FAE04EC0-301F-11D3-BF4B-00C04F79EFBC}") = "Demotest", "Demotest\Demotest.csproj", "{4F2B5BD1-FDE1-49EC-8C36-F02191894F92}"
EndProject
Global
	GlobalSection(SolutionConfigurationPlatforms) = preSolution
		Debug|Any CPU = Debug|Any CPU
		Release|Any CPU = Release|Any CPU
	EndGlobalSection
	GlobalSection(ProjectConfigurationPlatforms) = postSolution
		{34B1C769-0D03-4B46-875C-09DEC4A60692}.Debug|Any CPU.ActiveCfg = Debug|Any CPU
		{34B1C769-0D03-4B46-875C-09DEC4A60692}.Debug|Any CPU.Build.0 = Debug|Any CPU
		{34B1C769-0D03-4B46-875C-09DEC4A60692}.Release|Any CPU.ActiveCfg = Release|Any CPU
		{34B1C769-0D03-4B46-875C-09DEC4A60692}.Release|Any CPU.Build.0 = Release|Any CPU
		{4F2B5BD1-FDE1-49EC-8C36-F02191894F92}.Debug|Any CPU.ActiveCfg = Debug|Any CPU
		{4F2B5BD1-FDE1-49EC-8C36-F02191894F92}.Debug|Any CPU.Build.0 = Debug|Any CPU
		{4F2B5BD1-FDE1-49EC-8C36-F02191894F92}.Release|Any CPU.ActiveCfg = Release|Any CPU
		{4F2B5BD1-FDE1-49EC-8C36-F02191894F92}.Release|Any CPU.Build.0 = Release|Any CPU
	EndGlobalSection
	GlobalSection(SolutionProperties) = preSolution
		HideSolutionNode = FALSE
	EndGlobalSection
	GlobalSection(ExtensibilityGlobals) = postSolution
		SolutionGuid = {683BCA38-1EB8-41AA-90DC-25E10488D68F}
	EndGlobalSection
EndGlobal
